{
  "name": "meu_modelo_3d",
  "lockfileVersion": 3,
  "requires": true,
  "packages": {
    "": {
      "dependencies": {
        "potrace-wasm": "^1.0.4",
        "three": "^0.185.1"
      }
    },
    "node_modules/potrace-wasm": {
      "version": "1.0.4",
      "resolved": "https://registry.npmjs.org/potrace-wasm/-/potrace-wasm-1.0.4.tgz",
      "integrity": "sha512-Bj940W9APwIPZgm3VGK2HUAs6BXffgn5r4cOLIzFUtvX8bI+MlA7zbbE01+k71tz2Mu/jmdTGEcVpLevNJLtjg==",
      "license": "GPL-2.0"
    },
    "node_modules/three": {
      "version": "0.185.1",
      "resolved": "https://registry.npmjs.org/three/-/three-0.185.1.tgz",
      "integrity": "sha512-5aojFCXKwnjBRZvUnt3WFfEcvUJgkN5LlijRFN95hMy8WVkG4I0QNcJE+OuWvuJ0bOdStrbfXn0pkd6/QyiAlg==",
      "license": "MIT"
    }
  }
}
